
Microsoft Visual Studio Solution File, Format Version 12.00
# Visual Studio 14
VisualStudioVersion = 14.0.25420.1
MinimumVisualStudioVersion = 10.0.40219.1
Project("{2150E333-8FDC-42A3-9474-1A3956D46DE8}") = "Creational", "Creational", "{ADC15BB1-C463-4550-BBDC-40076D4B74FE}"
EndProject
Project("{2150E333-8FDC-42A3-9474-1A3956D46DE8}") = "Structural", "Structural", "{30D5B277-4DDE-437A-94CD-A796C4953737}"
EndProject
Project("{2150E333-8FDC-42A3-9474-1A3956D46DE8}") = "Behavioural", "Behavioural", "{D274AFA4-8DB0-4CFE-B710-35EDBEDCFDDC}"
EndProject
Project("{2150E333-8FDC-42A3-9474-1A3956D46DE8}") = "Abstract Factory", "Abstract Factory", "{FBF88E1A-51ED-4D41-B58F-8374D36D21B3}"
EndProject
Project("{2150E333-8FDC-42A3-9474-1A3956D46DE8}") = "Builder", "Builder", "{F1900BA6-7776-4290-A513-3590F22C5D3A}"
EndProject
Project("{2150E333-8FDC-42A3-9474-1A3956D46DE8}") = "Factory Method", "Factory Method", "{752D9B9F-FD79-4D28-A1D4-23AD8E95DCFC}"
EndProject
Project("{2150E333-8FDC-42A3-9474-1A3956D46DE8}") = "Prototype", "Prototype", "{27EDA127-9A8C-40A6-AEA7-95F7DA7C1BDB}"
EndProject
Project("{2150E333-8FDC-42A3-9474-1A3956D46DE8}") = "Singleton", "Singleton", "{97419C2A-16CF-4EB4-8A9E-80AE4AE1A83E}"
EndProject
Project("{2150E333-8FDC-42A3-9474-1A3956D46DE8}") = "Chain of Responsibility", "Chain of Responsibility", "{7FE015D3-D282-46C5-AEAB-71D85DCF2718}"
EndProject
Project("{2150E333-8FDC-42A3-9474-1A3956D46DE8}") = "Iterator", "Iterator", "{0776743C-17DA-4F86-A834-2A1B5B5680EE}"
EndProject
Project("{2150E333-8FDC-42A3-9474-1A3956D46DE8}") = "Mediator", "Mediator", "{73B8703D-A783-4CD2-844E-4307B704959E}"
EndProject
Project("{2150E333-8FDC-42A3-9474-1A3956D46DE8}") = "Memento", "Memento", "{98A558CC-E7E3-48C3-95E2-0E5A2D228486}"
EndProject
Project("{2150E333-8FDC-42A3-9474-1A3956D46DE8}") = "Observer", "Observer", "{A9085833-928D-4E1B-9A6C-FB91EB077FA5}"
EndProject
Project("{2150E333-8FDC-42A3-9474-1A3956D46DE8}") = "State", "State", "{2360EEA7-F33A-4CD3-8788-E3B733473F15}"
EndProject
Project("{2150E333-8FDC-42A3-9474-1A3956D46DE8}") = "Strategy", "Strategy", "{F85217F4-AF84-4FA0-AF04-E4F5E96C2ED4}"
EndProject
Project("{2150E333-8FDC-42A3-9474-1A3956D46DE8}") = "Template Method", "Template Method", "{40AA5331-1F9C-4404-84B0-6A1811BA6DB7}"
EndProject
Project("{2150E333-8FDC-42A3-9474-1A3956D46DE8}") = "Visitor", "Visitor", "{DB3AAA98-604B-4F8D-84A4-8ECDD0171B42}"
EndProject
Project("{2150E333-8FDC-42A3-9474-1A3956D46DE8}") = "Command", "Command", "{7F5DDB08-B473-4B0E-AFC6-EEF2F85C3A4E}"
EndProject
Project("{2150E333-8FDC-42A3-9474-1A3956D46DE8}") = "Interpreter", "Interpreter", "{9372BC39-827C-4B8E-A5D4-D1AB4EA22C61}"
EndProject
Project("{2150E333-8FDC-42A3-9474-1A3956D46DE8}") = "Adapter", "Adapter", "{0D7F18F5-0878-44CA-A843-BC2485E645EE}"
EndProject
Project("{2150E333-8FDC-42A3-9474-1A3956D46DE8}") = "Bridge", "Bridge", "{89ECE648-0B35-4EBA-8737-AE05F53F63F9}"
EndProject
Project("{2150E333-8FDC-42A3-9474-1A3956D46DE8}") = "Composite", "Composite", "{3908244C-CD1A-4456-8408-12CC53B5B553}"
EndProject
Project("{2150E333-8FDC-42A3-9474-1A3956D46DE8}") = "Decorator", "Decorator", "{52A9FD30-B6FA-400B-B5C7-7725092B3929}"
EndProject
Project("{2150E333-8FDC-42A3-9474-1A3956D46DE8}") = "Facade", "Facade", "{B16287BB-F79F-4269-A41D-AB0C3DCB4EE9}"
EndProject
Project("{2150E333-8FDC-42A3-9474-1A3956D46DE8}") = "Flyweight", "Flyweight", "{5AE7C0DF-FE38-48B5-8B52-EA15778EBA99}"
EndProject
Project("{2150E333-8FDC-42A3-9474-1A3956D46DE8}") = "Proxy", "Proxy", "{4E50019C-B1AA-4885-A1A2-305219C5ADA7}"
EndProject
Project("{2150E333-8FDC-42A3-9474-1A3956D46DE8}") = "LivingDocumentation", "LivingDocumentation", "{1C8C8E39-0CBF-4A9F-98B6-4B5F2B121AC3}"
	ProjectSection(SolutionItems) = preProject
		LvingDocumentation\DesignPatterns.odt = LvingDocumentation\DesignPatterns.odt
	EndProjectSection
EndProject
Project("{2150E333-8FDC-42A3-9474-1A3956D46DE8}") = "Implementation", "Implementation", "{BA058607-C1F8-42A8-8646-563145121BE5}"
EndProject
Project("{FAE04EC0-301F-11D3-BF4B-00C04F79EFBC}") = "AbstractFactory", "AbstractFactory\Implementation\AbstractFactory.csproj", "{3F071B06-FC90-463C-860B-16B0F7AAD3CC}"
EndProject
Project("{2150E333-8FDC-42A3-9474-1A3956D46DE8}") = "PilotApp", "PilotApp", "{21191532-B2A0-43FD-A935-7352533856B3}"
EndProject
Project("{FAE04EC0-301F-11D3-BF4B-00C04F79EFBC}") = "PilotApp", "AbstractFactory\PilotApp\PilotApp.csproj", "{BB39117A-1666-4C17-B374-CDE8DB3F9F46}"
EndProject
Project("{2150E333-8FDC-42A3-9474-1A3956D46DE8}") = "Implementation", "Implementation", "{3F949539-D07E-4D59-931E-993F3B19A08D}"
EndProject
Project("{2150E333-8FDC-42A3-9474-1A3956D46DE8}") = "PilotApp", "PilotApp", "{82B3C672-6F61-442A-A9AE-75CD7B5C1A05}"
EndProject
Project("{FAE04EC0-301F-11D3-BF4B-00C04F79EFBC}") = "Builder", "Builder\Implementation\Builder.csproj", "{10F6EB41-FABA-480C-B579-8B67CF2115A2}"
EndProject
Project("{FAE04EC0-301F-11D3-BF4B-00C04F79EFBC}") = "PilotApp", "Builder\PilotApp\PilotApp.csproj", "{F369C298-C09C-4D49-988D-7B7C3237D5CE}"
EndProject
Project("{2150E333-8FDC-42A3-9474-1A3956D46DE8}") = "Implementation", "Implementation", "{130FE50E-0E25-45B9-9A32-16D742E76D5B}"
EndProject
Project("{2150E333-8FDC-42A3-9474-1A3956D46DE8}") = "PilotApp", "PilotApp", "{55542410-8EFE-46EE-8B5E-E2A9661DD75D}"
EndProject
Project("{FAE04EC0-301F-11D3-BF4B-00C04F79EFBC}") = "Singleton", "Singleton\Implementation\Singleton.csproj", "{690FB4C6-9311-4C10-9796-16776C019EFC}"
EndProject
Project("{FAE04EC0-301F-11D3-BF4B-00C04F79EFBC}") = "PilotApp", "Singleton\PilotApp\PilotApp.csproj", "{80AFE3CE-E62A-4117-A08C-8A96EBED9AE9}"
EndProject
Project("{2150E333-8FDC-42A3-9474-1A3956D46DE8}") = "Implementation", "Implementation", "{8F45B5A8-0D27-4294-9317-C760833805B9}"
EndProject
Project("{2150E333-8FDC-42A3-9474-1A3956D46DE8}") = "PilotApp", "PilotApp", "{3922DCDA-D31A-4AA9-B693-E329CC66082D}"
EndProject
Project("{FAE04EC0-301F-11D3-BF4B-00C04F79EFBC}") = "Adapter", "Adapter\Implementation\Adapter.csproj", "{9516E59B-FEB3-4F22-B066-652300B53AC1}"
EndProject
Project("{FAE04EC0-301F-11D3-BF4B-00C04F79EFBC}") = "PilotApp", "Adapter\PilotApp\PilotApp.csproj", "{68FCD382-7CC3-46A5-9C03-445C94AC841E}"
EndProject
Global
	GlobalSection(SolutionConfigurationPlatforms) = preSolution
		Debug|Any CPU = Debug|Any CPU
		Debug|x64 = Debug|x64
		Release|Any CPU = Release|Any CPU
		Release|x64 = Release|x64
	EndGlobalSection
	GlobalSection(ProjectConfigurationPlatforms) = postSolution
		{3F071B06-FC90-463C-860B-16B0F7AAD3CC}.Debug|Any CPU.ActiveCfg = Debug|Any CPU
		{3F071B06-FC90-463C-860B-16B0F7AAD3CC}.Debug|Any CPU.Build.0 = Debug|Any CPU
		{3F071B06-FC90-463C-860B-16B0F7AAD3CC}.Debug|x64.ActiveCfg = Debug|Any CPU
		{3F071B06-FC90-463C-860B-16B0F7AAD3CC}.Debug|x64.Build.0 = Debug|Any CPU
		{3F071B06-FC90-463C-860B-16B0F7AAD3CC}.Release|Any CPU.ActiveCfg = Release|Any CPU
		{3F071B06-FC90-463C-860B-16B0F7AAD3CC}.Release|Any CPU.Build.0 = Release|Any CPU
		{3F071B06-FC90-463C-860B-16B0F7AAD3CC}.Release|x64.ActiveCfg = Release|Any CPU
		{3F071B06-FC90-463C-860B-16B0F7AAD3CC}.Release|x64.Build.0 = Release|Any CPU
		{BB39117A-1666-4C17-B374-CDE8DB3F9F46}.Debug|Any CPU.ActiveCfg = Debug|Any CPU
		{BB39117A-1666-4C17-B374-CDE8DB3F9F46}.Debug|Any CPU.Build.0 = Debug|Any CPU
		{BB39117A-1666-4C17-B374-CDE8DB3F9F46}.Debug|x64.ActiveCfg = Debug|x64
		{BB39117A-1666-4C17-B374-CDE8DB3F9F46}.Debug|x64.Build.0 = Debug|x64
		{BB39117A-1666-4C17-B374-CDE8DB3F9F46}.Release|Any CPU.ActiveCfg = Release|Any CPU
		{BB39117A-1666-4C17-B374-CDE8DB3F9F46}.Release|Any CPU.Build.0 = Release|Any CPU
		{BB39117A-1666-4C17-B374-CDE8DB3F9F46}.Release|x64.ActiveCfg = Release|x64
		{BB39117A-1666-4C17-B374-CDE8DB3F9F46}.Release|x64.Build.0 = Release|x64
		{10F6EB41-FABA-480C-B579-8B67CF2115A2}.Debug|Any CPU.ActiveCfg = Debug|Any CPU
		{10F6EB41-FABA-480C-B579-8B67CF2115A2}.Debug|Any CPU.Build.0 = Debug|Any CPU
		{10F6EB41-FABA-480C-B579-8B67CF2115A2}.Debug|x64.ActiveCfg = Debug|Any CPU
		{10F6EB41-FABA-480C-B579-8B67CF2115A2}.Debug|x64.Build.0 = Debug|Any CPU
		{10F6EB41-FABA-480C-B579-8B67CF2115A2}.Release|Any CPU.ActiveCfg = Release|Any CPU
		{10F6EB41-FABA-480C-B579-8B67CF2115A2}.Release|Any CPU.Build.0 = Release|Any CPU
		{10F6EB41-FABA-480C-B579-8B67CF2115A2}.Release|x64.ActiveCfg = Release|Any CPU
		{10F6EB41-FABA-480C-B579-8B67CF2115A2}.Release|x64.Build.0 = Release|Any CPU
		{F369C298-C09C-4D49-988D-7B7C3237D5CE}.Debug|Any CPU.ActiveCfg = Debug|Any CPU
		{F369C298-C09C-4D49-988D-7B7C3237D5CE}.Debug|Any CPU.Build.0 = Debug|Any CPU
		{F369C298-C09C-4D49-988D-7B7C3237D5CE}.Debug|x64.ActiveCfg = Debug|Any CPU
		{F369C298-C09C-4D49-988D-7B7C3237D5CE}.Debug|x64.Build.0 = Debug|Any CPU
		{F369C298-C09C-4D49-988D-7B7C3237D5CE}.Release|Any CPU.ActiveCfg = Release|Any CPU
		{F369C298-C09C-4D49-988D-7B7C3237D5CE}.Release|Any CPU.Build.0 = Release|Any CPU
		{F369C298-C09C-4D49-988D-7B7C3237D5CE}.Release|x64.ActiveCfg = Release|Any CPU
		{F369C298-C09C-4D49-988D-7B7C3237D5CE}.Release|x64.Build.0 = Release|Any CPU
		{690FB4C6-9311-4C10-9796-16776C019EFC}.Debug|Any CPU.ActiveCfg = Debug|Any CPU
		{690FB4C6-9311-4C10-9796-16776C019EFC}.Debug|Any CPU.Build.0 = Debug|Any CPU
		{690FB4C6-9311-4C10-9796-16776C019EFC}.Debug|x64.ActiveCfg = Debug|Any CPU
		{690FB4C6-9311-4C10-9796-16776C019EFC}.Debug|x64.Build.0 = Debug|Any CPU
		{690FB4C6-9311-4C10-9796-16776C019EFC}.Release|Any CPU.ActiveCfg = Release|Any CPU
		{690FB4C6-9311-4C10-9796-16776C019EFC}.Release|Any CPU.Build.0 = Release|Any CPU
		{690FB4C6-9311-4C10-9796-16776C019EFC}.Release|x64.ActiveCfg = Release|Any CPU
		{690FB4C6-9311-4C10-9796-16776C019EFC}.Release|x64.Build.0 = Release|Any CPU
		{80AFE3CE-E62A-4117-A08C-8A96EBED9AE9}.Debug|Any CPU.ActiveCfg = Debug|Any CPU
		{80AFE3CE-E62A-4117-A08C-8A96EBED9AE9}.Debug|Any CPU.Build.0 = Debug|Any CPU
		{80AFE3CE-E62A-4117-A08C-8A96EBED9AE9}.Debug|x64.ActiveCfg = Debug|Any CPU
		{80AFE3CE-E62A-4117-A08C-8A96EBED9AE9}.Debug|x64.Build.0 = Debug|Any CPU
		{80AFE3CE-E62A-4117-A08C-8A96EBED9AE9}.Release|Any CPU.ActiveCfg = Release|Any CPU
		{80AFE3CE-E62A-4117-A08C-8A96EBED9AE9}.Release|Any CPU.Build.0 = Release|Any CPU
		{80AFE3CE-E62A-4117-A08C-8A96EBED9AE9}.Release|x64.ActiveCfg = Release|Any CPU
		{80AFE3CE-E62A-4117-A08C-8A96EBED9AE9}.Release|x64.Build.0 = Release|Any CPU
		{9516E59B-FEB3-4F22-B066-652300B53AC1}.Debug|Any CPU.ActiveCfg = Debug|Any CPU
		{9516E59B-FEB3-4F22-B066-652300B53AC1}.Debug|Any CPU.Build.0 = Debug|Any CPU
		{9516E59B-FEB3-4F22-B066-652300B53AC1}.Debug|x64.ActiveCfg = Debug|Any CPU
		{9516E59B-FEB3-4F22-B066-652300B53AC1}.Debug|x64.Build.0 = Debug|Any CPU
		{9516E59B-FEB3-4F22-B066-652300B53AC1}.Release|Any CPU.ActiveCfg = Release|Any CPU
		{9516E59B-FEB3-4F22-B066-652300B53AC1}.Release|Any CPU.Build.0 = Release|Any CPU
		{9516E59B-FEB3-4F22-B066-652300B53AC1}.Release|x64.ActiveCfg = Release|Any CPU
		{9516E59B-FEB3-4F22-B066-652300B53AC1}.Release|x64.Build.0 = Release|Any CPU
		{68FCD382-7CC3-46A5-9C03-445C94AC841E}.Debug|Any CPU.ActiveCfg = Debug|Any CPU
		{68FCD382-7CC3-46A5-9C03-445C94AC841E}.Debug|Any CPU.Build.0 = Debug|Any CPU
		{68FCD382-7CC3-46A5-9C03-445C94AC841E}.Debug|x64.ActiveCfg = Debug|Any CPU
		{68FCD382-7CC3-46A5-9C03-445C94AC841E}.Debug|x64.Build.0 = Debug|Any CPU
		{68FCD382-7CC3-46A5-9C03-445C94AC841E}.Release|Any CPU.ActiveCfg = Release|Any CPU
		{68FCD382-7CC3-46A5-9C03-445C94AC841E}.Release|Any CPU.Build.0 = Release|Any CPU
		{68FCD382-7CC3-46A5-9C03-445C94AC841E}.Release|x64.ActiveCfg = Release|Any CPU
		{68FCD382-7CC3-46A5-9C03-445C94AC841E}.Release|x64.Build.0 = Release|Any CPU
	EndGlobalSection
	GlobalSection(SolutionProperties) = preSolution
		HideSolutionNode = FALSE
	EndGlobalSection
	GlobalSection(NestedProjects) = preSolution
		{FBF88E1A-51ED-4D41-B58F-8374D36D21B3} = {ADC15BB1-C463-4550-BBDC-40076D4B74FE}
		{F1900BA6-7776-4290-A513-3590F22C5D3A} = {ADC15BB1-C463-4550-BBDC-40076D4B74FE}
		{752D9B9F-FD79-4D28-A1D4-23AD8E95DCFC} = {ADC15BB1-C463-4550-BBDC-40076D4B74FE}
		{27EDA127-9A8C-40A6-AEA7-95F7DA7C1BDB} = {ADC15BB1-C463-4550-BBDC-40076D4B74FE}
		{97419C2A-16CF-4EB4-8A9E-80AE4AE1A83E} = {ADC15BB1-C463-4550-BBDC-40076D4B74FE}
		{7FE015D3-D282-46C5-AEAB-71D85DCF2718} = {D274AFA4-8DB0-4CFE-B710-35EDBEDCFDDC}
		{0776743C-17DA-4F86-A834-2A1B5B5680EE} = {D274AFA4-8DB0-4CFE-B710-35EDBEDCFDDC}
		{73B8703D-A783-4CD2-844E-4307B704959E} = {D274AFA4-8DB0-4CFE-B710-35EDBEDCFDDC}
		{98A558CC-E7E3-48C3-95E2-0E5A2D228486} = {D274AFA4-8DB0-4CFE-B710-35EDBEDCFDDC}
		{A9085833-928D-4E1B-9A6C-FB91EB077FA5} = {D274AFA4-8DB0-4CFE-B710-35EDBEDCFDDC}
		{2360EEA7-F33A-4CD3-8788-E3B733473F15} = {D274AFA4-8DB0-4CFE-B710-35EDBEDCFDDC}
		{F85217F4-AF84-4FA0-AF04-E4F5E96C2ED4} = {D274AFA4-8DB0-4CFE-B710-35EDBEDCFDDC}
		{40AA5331-1F9C-4404-84B0-6A1811BA6DB7} = {D274AFA4-8DB0-4CFE-B710-35EDBEDCFDDC}
		{DB3AAA98-604B-4F8D-84A4-8ECDD0171B42} = {D274AFA4-8DB0-4CFE-B710-35EDBEDCFDDC}
		{7F5DDB08-B473-4B0E-AFC6-EEF2F85C3A4E} = {D274AFA4-8DB0-4CFE-B710-35EDBEDCFDDC}
		{9372BC39-827C-4B8E-A5D4-D1AB4EA22C61} = {D274AFA4-8DB0-4CFE-B710-35EDBEDCFDDC}
		{0D7F18F5-0878-44CA-A843-BC2485E645EE} = {30D5B277-4DDE-437A-94CD-A796C4953737}
		{89ECE648-0B35-4EBA-8737-AE05F53F63F9} = {30D5B277-4DDE-437A-94CD-A796C4953737}
		{3908244C-CD1A-4456-8408-12CC53B5B553} = {30D5B277-4DDE-437A-94CD-A796C4953737}
		{52A9FD30-B6FA-400B-B5C7-7725092B3929} = {30D5B277-4DDE-437A-94CD-A796C4953737}
		{B16287BB-F79F-4269-A41D-AB0C3DCB4EE9} = {30D5B277-4DDE-437A-94CD-A796C4953737}
		{5AE7C0DF-FE38-48B5-8B52-EA15778EBA99} = {30D5B277-4DDE-437A-94CD-A796C4953737}
		{4E50019C-B1AA-4885-A1A2-305219C5ADA7} = {30D5B277-4DDE-437A-94CD-A796C4953737}
		{BA058607-C1F8-42A8-8646-563145121BE5} = {FBF88E1A-51ED-4D41-B58F-8374D36D21B3}
		{3F071B06-FC90-463C-860B-16B0F7AAD3CC} = {BA058607-C1F8-42A8-8646-563145121BE5}
		{21191532-B2A0-43FD-A935-7352533856B3} = {FBF88E1A-51ED-4D41-B58F-8374D36D21B3}
		{BB39117A-1666-4C17-B374-CDE8DB3F9F46} = {21191532-B2A0-43FD-A935-7352533856B3}
		{3F949539-D07E-4D59-931E-993F3B19A08D} = {F1900BA6-7776-4290-A513-3590F22C5D3A}
		{82B3C672-6F61-442A-A9AE-75CD7B5C1A05} = {F1900BA6-7776-4290-A513-3590F22C5D3A}
		{10F6EB41-FABA-480C-B579-8B67CF2115A2} = {3F949539-D07E-4D59-931E-993F3B19A08D}
		{F369C298-C09C-4D49-988D-7B7C3237D5CE} = {82B3C672-6F61-442A-A9AE-75CD7B5C1A05}
		{130FE50E-0E25-45B9-9A32-16D742E76D5B} = {97419C2A-16CF-4EB4-8A9E-80AE4AE1A83E}
		{55542410-8EFE-46EE-8B5E-E2A9661DD75D} = {97419C2A-16CF-4EB4-8A9E-80AE4AE1A83E}
		{690FB4C6-9311-4C10-9796-16776C019EFC} = {130FE50E-0E25-45B9-9A32-16D742E76D5B}
		{80AFE3CE-E62A-4117-A08C-8A96EBED9AE9} = {55542410-8EFE-46EE-8B5E-E2A9661DD75D}
		{8F45B5A8-0D27-4294-9317-C760833805B9} = {0D7F18F5-0878-44CA-A843-BC2485E645EE}
		{3922DCDA-D31A-4AA9-B693-E329CC66082D} = {0D7F18F5-0878-44CA-A843-BC2485E645EE}
		{9516E59B-FEB3-4F22-B066-652300B53AC1} = {8F45B5A8-0D27-4294-9317-C760833805B9}
		{68FCD382-7CC3-46A5-9C03-445C94AC841E} = {3922DCDA-D31A-4AA9-B693-E329CC66082D}
	EndGlobalSection
EndGlobal
